
Microsoft Visual Studio Solution File, Format Version 12.00
# Visual Studio Version 17
VisualStudioVersion = 17.10.35004.147
MinimumVisualStudioVersion = 10.0.40219.1
Project("{9A19103F-16F7-4668-BE54-9A1E7A4F7556}") = "wpf-modbus-webview2", "wpf-modbus-webview2.csproj", "{48CDC5EA-C8F6-4231-85B6-5B8AC4D03E5D}"
EndProject
Project("{FAE04EC0-301F-11D3-BF4B-00C04F79EFBC}") = "tests", "..\tests\tests.csproj", "{3963CF06-7E3C-45F4-AAD8-03B994A4EEFB}"
EndProject
Global
	GlobalSection(SolutionConfigurationPlatforms) = preSolution
		Debug|Any CPU = Debug|Any CPU
		Release|Any CPU = Release|Any CPU
	EndGlobalSection
	GlobalSection(ProjectConfigurationPlatforms) = postSolution
		{48CDC5EA-C8F6-4231-85B6-5B8AC4D03E5D}.Debug|Any CPU.ActiveCfg = Debug|Any CPU
		{48CDC5EA-C8F6-4231-85B6-5B8AC4D03E5D}.Debug|Any CPU.Build.0 = Debug|Any CPU
		{48CDC5EA-C8F6-4231-85B6-5B8AC4D03E5D}.Release|Any CPU.ActiveCfg = Release|Any CPU
		{48CDC5EA-C8F6-4231-85B6-5B8AC4D03E5D}.Release|Any CPU.Build.0 = Release|Any CPU
		{3963CF06-7E3C-45F4-AAD8-03B994A4EEFB}.Debug|Any CPU.ActiveCfg = Debug|Any CPU
		{3963CF06-7E3C-45F4-AAD8-03B994A4EEFB}.Debug|Any CPU.Build.0 = Debug|Any CPU
		{3963CF06-7E3C-45F4-AAD8-03B994A4EEFB}.Release|Any CPU.ActiveCfg = Release|Any CPU
		{3963CF06-7E3C-45F4-AAD8-03B994A4EEFB}.Release|Any CPU.Build.0 = Release|Any CPU
	EndGlobalSection
	GlobalSection(SolutionProperties) = preSolution
		HideSolutionNode = FALSE
	EndGlobalSection
	GlobalSection(ExtensibilityGlobals) = postSolution
		SolutionGuid = {A1E7C5BD-6283-46BC-8852-434DE9B2D9FE}
	EndGlobalSection
EndGlobal
